// !$*UTF8*$!
{
	archiveVersion = 1;
	classes = {
	};
	objectVersion = 46;
	objects = {

/* Begin PBXBuildFile section */
		A90B86221B5776310025E19A /* Fabric.framework in Frameworks */ = {isa = PBXBuildFile; fileRef = A90B861E1B5776310025E19A /* Fabric.framework */; };
		A90B86231B5776310025E19A /* TwitterKit.framework in Frameworks */ = {isa = PBXBuildFile; fileRef = A90B861F1B5776310025E19A /* TwitterKit.framework */; };
		A90B86241B5776310025E19A /* TwitterKitResources.bundle in Resources */ = {isa = PBXBuildFile; fileRef = A90B86201B5776310025E19A /* TwitterKitResources.bundle */; };
		A90B86251B5776310025E19A /* TwitterCore.framework in Frameworks */ = {isa = PBXBuildFile; fileRef = A90B86211B5776310025E19A /* TwitterCore.framework */; };
		A980A10D1B4FC834001A02C0 /* main.m in Sources */ = {isa = PBXBuildFile; fileRef = A980A10C1B4FC834001A02C0 /* main.m */; };
		A980A1101B4FC834001A02C0 /* AppDelegate.m in Sources */ = {isa = PBXBuildFile; fileRef = A980A10F1B4FC834001A02C0 /* AppDelegate.m */; };
		A980A1131B4FC834001A02C0 /* ViewController.m in Sources */ = {isa = PBXBuildFile; fileRef = A980A1121B4FC834001A02C0 /* ViewController.m */; };
		A980A1161B4FC834001A02C0 /* Main.storyboard in Resources */ = {isa = PBXBuildFile; fileRef = A980A1141B4FC834001A02C0 /* Main.storyboard */; };
		A980A1181B4FC834001A02C0 /* Images.xcassets in Resources */ = {isa = PBXBuildFile; fileRef = A980A1171B4FC834001A02C0 /* Images.xcassets */; };
		A980A11B1B4FC834001A02C0 /* LaunchScreen.xib in Resources */ = {isa = PBXBuildFile; fileRef = A980A1191B4FC834001A02C0 /* LaunchScreen.xib */; };
		A980A1271B4FC834001A02C0 /* FBTests.m in Sources */ = {isa = PBXBuildFile; fileRef = A980A1261B4FC834001A02C0 /* FBTests.m */; };
		A980A1311B4FC95D001A02C0 /* FBSDKCoreKit.framework in Frameworks */ = {isa = PBXBuildFile; fileRef = A980A1301B4FC95C001A02C0 /* FBSDKCoreKit.framework */; };
		A980A1341B4FC9AF001A02C0 /* FBSDKLoginKit.framework in Frameworks */ = {isa = PBXBuildFile; fileRef = A980A1321B4FC9AF001A02C0 /* FBSDKLoginKit.framework */; };
		A980A1351B4FC9AF001A02C0 /* FBSDKShareKit.framework in Frameworks */ = {isa = PBXBuildFile; fileRef = A980A1331B4FC9AF001A02C0 /* FBSDKShareKit.framework */; };
		A980A1371B4FD1EC001A02C0 /* favourate_count_bg-1.png in Resources */ = {isa = PBXBuildFile; fileRef = A980A1361B4FD1EC001A02C0 /* favourate_count_bg-1.png */; };
/* End PBXBuildFile section */

/* Begin PBXContainerItemProxy section */
		A980A1211B4FC834001A02C0 /* PBXContainerItemProxy */ = {
			isa = PBXContainerItemProxy;
			containerPortal = A980A0FF1B4FC834001A02C0 /* Project object */;
			proxyType = 1;
			remoteGlobalIDString = A980A1061B4FC834001A02C0;
			remoteInfo = FB;
		};
/* End PBXContainerItemProxy section */

/* Begin PBXFileReference section */
		A90B861E1B5776310025E19A /* Fabric.framework */ = {isa = PBXFileReference; lastKnownFileType = wrapper.framework; path = Fabric.framework; sourceTree = "<group>"; };
		A90B861F1B5776310025E19A /* TwitterKit.framework */ = {isa = PBXFileReference; lastKnownFileType = wrapper.framework; path = TwitterKit.framework; sourceTree = "<group>"; };
		A90B86201B5776310025E19A /* TwitterKitResources.bundle */ = {isa = PBXFileReference; lastKnownFileType = "wrapper.plug-in"; name = TwitterKitResources.bundle; path = TwitterKit.framework/Versions/A/Resources/TwitterKitResources.bundle; sourceTree = "<group>"; };
		A90B86211B5776310025E19A /* TwitterCore.framework */ = {isa = PBXFileReference; lastKnownFileType = wrapper.framework; path = TwitterCore.framework; sourceTree = "<group>"; };
		A980A1071B4FC834001A02C0 /* FB.app */ = {isa = PBXFileReference; explicitFileType = wrapper.application; includeInIndex = 0; path = FB.app; sourceTree = BUILT_PRODUCTS_DIR; };
		A980A10B1B4FC834001A02C0 /* Info.plist */ = {isa = PBXFileReference; lastKnownFileType = text.plist.xml; path = Info.plist; sourceTree = "<group>"; };
		A980A10C1B4FC834001A02C0 /* main.m */ = {isa = PBXFileReference; lastKnownFileType = sourcecode.c.objc; path = main.m; sourceTree = "<group>"; };
		A980A10E1B4FC834001A02C0 /* AppDelegate.h */ = {isa = PBXFileReference; lastKnownFileType = sourcecode.c.h; path = AppDelegate.h; sourceTree = "<group>"; };
		A980A10F1B4FC834001A02C0 /* AppDelegate.m */ = {isa = PBXFileReference; lastKnownFileType = sourcecode.c.objc; path = AppDelegate.m; sourceTree = "<group>"; };
		A980A1111B4FC834001A02C0 /* ViewController.h */ = {isa = PBXFileReference; lastKnownFileType = sourcecode.c.h; path = ViewController.h; sourceTree = "<group>"; };
		A980A1121B4FC834001A02C0 /* ViewController.m */ = {isa = PBXFileReference; lastKnownFileType = sourcecode.c.objc; path = ViewController.m; sourceTree = "<group>"; };
		A980A1151B4FC834001A02C0 /* Base */ = {isa = PBXFileReference; lastKnownFileType = file.storyboard; name = Base; path = Base.lproj/Main.storyboard; sourceTree = "<group>"; };
		A980A1171B4FC834001A02C0 /* Images.xcassets */ = {isa = PBXFileReference; lastKnownFileType = folder.assetcatalog; path = Images.xcassets; sourceTree = "<group>"; };
		A980A11A1B4FC834001A02C0 /* Base */ = {isa = PBXFileReference; lastKnownFileType = file.xib; name = Base; path = Base.lproj/LaunchScreen.xib; sourceTree = "<group>"; };
		A980A1201B4FC834001A02C0 /* FBTests.xctest */ = {isa = PBXFileReference; explicitFileType = wrapper.cfbundle; includeInIndex = 0; path = FBTests.xctest; sourceTree = BUILT_PRODUCTS_DIR; };
		A980A1251B4FC834001A02C0 /* Info.plist */ = {isa = PBXFileReference; lastKnownFileType = text.plist.xml; path = Info.plist; sourceTree = "<group>"; };
		A980A1261B4FC834001A02C0 /* FBTests.m */ = {isa = PBXFileReference; lastKnownFileType = sourcecode.c.objc; path = FBTests.m; sourceTree = "<group>"; };
		A980A1301B4FC95C001A02C0 /* FBSDKCoreKit.framework */ = {isa = PBXFileReference; lastKnownFileType = wrapper.framework; path = FBSDKCoreKit.framework; sourceTree = "<group>"; };
		A980A1321B4FC9AF001A02C0 /* FBSDKLoginKit.framework */ = {isa = PBXFileReference; lastKnownFileType = wrapper.framework; path = FBSDKLoginKit.framework; sourceTree = "<group>"; };
		A980A1331B4FC9AF001A02C0 /* FBSDKShareKit.framework */ = {isa = PBXFileReference; lastKnownFileType = wrapper.framework; path = FBSDKShareKit.framework; sourceTree = "<group>"; };
		A980A1361B4FD1EC001A02C0 /* favourate_count_bg-1.png */ = {isa = PBXFileReference; lastKnownFileType = image.png; path = "favourate_count_bg-1.png"; sourceTree = "<group>"; };
/* End PBXFileReference section */

/* Begin PBXFrameworksBuildPhase section */
		A980A1041B4FC834001A02C0 /* Frameworks */ = {
			isa = PBXFrameworksBuildPhase;
			buildActionMask = 2147483647;
			files = (
				A980A1341B4FC9AF001A02C0 /* FBSDKLoginKit.framework in Frameworks */,
				A90B86251B5776310025E19A /* TwitterCore.framework in Frameworks */,
				A90B86231B5776310025E19A /* TwitterKit.framework in Frameworks */,
				A980A1311B4FC95D001A02C0 /* FBSDKCoreKit.framework in Frameworks */,
				A980A1351B4FC9AF001A02C0 /* FBSDKShareKit.framework in Frameworks */,
				A90B86221B5776310025E19A /* Fabric.framework in Frameworks */,
			);
			runOnlyForDeploymentPostprocessing = 0;
		};
		A980A11D1B4FC834001A02C0 /* Frameworks */ = {
			isa = PBXFrameworksBuildPhase;
			buildActionMask = 2147483647;
			files = (
			);
			runOnlyForDeploymentPostprocessing = 0;
		};
/* End PBXFrameworksBuildPhase section */

/* Begin PBXGroup section */
		A980A0FE1B4FC834001A02C0 = {
			isa = PBXGroup;
			children = (
				A980A1361B4FD1EC001A02C0 /* favourate_count_bg-1.png */,
				A90B861E1B5776310025E19A /* Fabric.framework */,
				A90B861F1B5776310025E19A /* TwitterKit.framework */,
				A90B86201B5776310025E19A /* TwitterKitResources.bundle */,
				A90B86211B5776310025E19A /* TwitterCore.framework */,
				A980A1091B4FC834001A02C0 /* FB */,
				A980A1231B4FC834001A02C0 /* FBTests */,
				A980A1081B4FC834001A02C0 /* Products */,
			);
			sourceTree = "<group>";
		};
		A980A1081B4FC834001A02C0 /* Products */ = {
			isa = PBXGroup;
			children = (
				A980A1071B4FC834001A02C0 /* FB.app */,
				A980A1201B4FC834001A02C0 /* FBTests.xctest */,
			);
			name = Products;
			sourceTree = "<group>";
		};
		A980A1091B4FC834001A02C0 /* FB */ = {
			isa = PBXGroup;
			children = (
				A980A1321B4FC9AF001A02C0 /* FBSDKLoginKit.framework */,
				A980A1331B4FC9AF001A02C0 /* FBSDKShareKit.framework */,
				A980A1301B4FC95C001A02C0 /* FBSDKCoreKit.framework */,
				A980A10E1B4FC834001A02C0 /* AppDelegate.h */,
				A980A10F1B4FC834001A02C0 /* AppDelegate.m */,
				A980A1111B4FC834001A02C0 /* ViewController.h */,
				A980A1121B4FC834001A02C0 /* ViewController.m */,
				A980A1141B4FC834001A02C0 /* Main.storyboard */,
				A980A1171B4FC834001A02C0 /* Images.xcassets */,
				A980A1191B4FC834001A02C0 /* LaunchScreen.xib */,
				A980A10A1B4FC834001A02C0 /* Supporting Files */,
			);
			path = FB;
			sourceTree = "<group>";
		};
		A980A10A1B4FC834001A02C0 /* Supporting Files */ = {
			isa = PBXGroup;
			children = (
				A980A10B1B4FC834001A02C0 /* Info.plist */,
				A980A10C1B4FC834001A02C0 /* main.m */,
			);
			name = "Supporting Files";
			sourceTree = "<group>";
		};
		A980A1231B4FC834001A02C0 /* FBTests */ = {
			isa = PBXGroup;
			children = (
				A980A1261B4FC834001A02C0 /* FBTests.m */,
				A980A1241B4FC834001A02C0 /* Supporting Files */,
			);
			path = FBTests;
			sourceTree = "<group>";
		};
		A980A1241B4FC834001A02C0 /* Supporting Files */ = {
			isa = PBXGroup;
			children = (
				A980A1251B4FC834001A02C0 /* Info.plist */,
			);
			name = "Supporting Files";
			sourceTree = "<group>";
		};
/* End PBXGroup section */

/* Begin PBXNativeTarget section */
		A980A1061B4FC834001A02C0 /* FB */ = {
			isa = PBXNativeTarget;
			buildConfigurationList = A980A12A1B4FC834001A02C0 /* Build configuration list for PBXNativeTarget "FB" */;
			buildPhases = (
				A980A1031B4FC834001A02C0 /* Sources */,
				A980A1041B4FC834001A02C0 /* Frameworks */,
				A980A1051B4FC834001A02C0 /* Resources */,
				A90B861D1B57760C0025E19A /* ShellScript */,
			);
			buildRules = (
			);
			dependencies = (
			);
			name = FB;
			productName = FB;
			productReference = A980A1071B4FC834001A02C0 /* FB.app */;
			productType = "com.apple.product-type.application";
		};
		A980A11F1B4FC834001A02C0 /* FBTests */ = {
			isa = PBXNativeTarget;
			buildConfigurationList = A980A12D1B4FC834001A02C0 /* Build configuration list for PBXNativeTarget "FBTests" */;
			buildPhases = (
				A980A11C1B4FC834001A02C0 /* Sources */,
				A980A11D1B4FC834001A02C0 /* Frameworks */,
				A980A11E1B4FC834001A02C0 /* Resources */,
			);
			buildRules = (
			);
			dependencies = (
				A980A1221B4FC834001A02C0 /* PBXTargetDependency */,
			);
			name = FBTests;
			productName = FBTests;
			productReference = A980A1201B4FC834001A02C0 /* FBTests.xctest */;
			productType = "com.apple.product-type.bundle.unit-test";
		};
/* End PBXNativeTarget section */

/* Begin PBXProject section */
		A980A0FF1B4FC834001A02C0 /* Project object */ = {
			isa = PBXProject;
			attributes = {
				LastUpgradeCheck = 0640;
				ORGANIZATIONNAME = indianic;
				TargetAttributes = {
					A980A1061B4FC834001A02C0 = {
						CreatedOnToolsVersion = 6.4;
					};
					A980A11F1B4FC834001A02C0 = {
						CreatedOnToolsVersion = 6.4;
						TestTargetID = A980A1061B4FC834001A02C0;
					};
				};
			};
			buildConfigurationList = A980A1021B4FC834001A02C0 /* Build configuration list for PBXProject "FB" */;
			compatibilityVersion = "Xcode 3.2";
			developmentRegion = English;
			hasScannedForEncodings = 0;
			knownRegions = (
				en,
				Base,
			);
			mainGroup = A980A0FE1B4FC834001A02C0;
			productRefGroup = A980A1081B4FC834001A02C0 /* Products */;
			projectDirPath = "";
			projectRoot = "";
			targets = (
				A980A1061B4FC834001A02C0 /* FB */,
				A980A11F1B4FC834001A02C0 /* FBTests */,
			);
		};
/* End PBXProject section */

/* Begin PBXResourcesBuildPhase section */
		A980A1051B4FC834001A02C0 /* Resources */ = {
			isa = PBXResourcesBuildPhase;
			buildActionMask = 2147483647;
			files = (
				A980A1161B4FC834001A02C0 /* Main.storyboard in Resources */,
				A980A11B1B4FC834001A02C0 /* LaunchScreen.xib in Resources */,
				A980A1371B4FD1EC001A02C0 /* favourate_count_bg-1.png in Resources */,
				A980A1181B4FC834001A02C0 /* Images.xcassets in Resources */,
				A90B86241B5776310025E19A /* TwitterKitResources.bundle in Resources */,
			);
			runOnlyForDeploymentPostprocessing = 0;
		};
		A980A11E1B4FC834001A02C0 /* Resources */ = {
			isa = PBXResourcesBuildPhase;
			buildActionMask = 2147483647;
			files = (
			);
			runOnlyForDeploymentPostprocessing = 0;
		};
/* End PBXResourcesBuildPhase section */

/* Begin PBXShellScriptBuildPhase section */
		A90B861D1B57760C0025E19A /* ShellScript */ = {
			isa = PBXShellScriptBuildPhase;
			buildActionMask = 2147483647;
			files = (
			);
			inputPaths = (
			);
			outputPaths = (
			);
			runOnlyForDeploymentPostprocessing = 0;
			shellPath = /bin/sh;
			shellScript = "./Fabric.framework/run 7497e1314d5eb70250b10721893cb38c23e04c7d df899bedb1be9f342ed22006b6e3403bb879a3d3652605bc786973e457370e05";
		};
/* End PBXShellScriptBuildPhase section */

/* Begin PBXSourcesBuildPhase section */
		A980A1031B4FC834001A02C0 /* Sources */ = {
			isa = PBXSourcesBuildPhase;
			buildActionMask = 2147483647;
			files = (
				A980A1131B4FC834001A02C0 /* ViewController.m in Sources */,
				A980A1101B4FC834001A02C0 /* AppDelegate.m in Sources */,
				A980A10D1B4FC834001A02C0 /* main.m in Sources */,
			);
			runOnlyForDeploymentPostprocessing = 0;
		};
		A980A11C1B4FC834001A02C0 /* Sources */ = {
			isa = PBXSourcesBuildPhase;
			buildActionMask = 2147483647;
			files = (
				A980A1271B4FC834001A02C0 /* FBTests.m in Sources */,
			);
			runOnlyForDeploymentPostprocessing = 0;
		};
/* End PBXSourcesBuildPhase section */

/* Begin PBXTargetDependency section */
		A980A1221B4FC834001A02C0 /* PBXTargetDependency */ = {
			isa = PBXTargetDependency;
			target = A980A1061B4FC834001A02C0 /* FB */;
			targetProxy = A980A1211B4FC834001A02C0 /* PBXContainerItemProxy */;
		};
/* End PBXTargetDependency section */

/* Begin PBXVariantGroup section */
		A980A1141B4FC834001A02C0 /* Main.storyboard */ = {
			isa = PBXVariantGroup;
			children = (
				A980A1151B4FC834001A02C0 /* Base */,
			);
			name = Main.storyboard;
			sourceTree = "<group>";
		};
		A980A1191B4FC834001A02C0 /* LaunchScreen.xib */ = {
			isa = PBXVariantGroup;
			children = (
				A980A11A1B4FC834001A02C0 /* Base */,
			);
			name = LaunchScreen.xib;
			sourceTree = "<group>";
		};
/* End PBXVariantGroup section */

/* Begin XCBuildConfiguration section */
		A980A1281B4FC834001A02C0 /* Debug */ = {
			isa = XCBuildConfiguration;
			buildSettings = {
				ALWAYS_SEARCH_USER_PATHS = NO;
				CLANG_CXX_LANGUAGE_STANDARD = "gnu++0x";
				CLANG_CXX_LIBRARY = "libc++";
				CLANG_ENABLE_MODULES = YES;
				CLANG_ENABLE_OBJC_ARC = YES;
				CLANG_WARN_BOOL_CONVERSION = YES;
				CLANG_WARN_CONSTANT_CONVERSION = YES;
				CLANG_WARN_DIRECT_OBJC_ISA_USAGE = YES_ERROR;
				CLANG_WARN_EMPTY_BODY = YES;
				CLANG_WARN_ENUM_CONVERSION = YES;
				CLANG_WARN_INT_CONVERSION = YES;
				CLANG_WARN_OBJC_ROOT_CLASS = YES_ERROR;
				CLANG_WARN_UNREACHABLE_CODE = YES;
				CLANG_WARN__DUPLICATE_METHOD_MATCH = YES;
				"CODE_SIGN_IDENTITY[sdk=iphoneos*]" = "iPhone Developer";
				COPY_PHASE_STRIP = NO;
				DEBUG_INFORMATION_FORMAT = "dwarf-with-dsym";
				ENABLE_STRICT_OBJC_MSGSEND = YES;
				GCC_C_LANGUAGE_STANDARD = gnu99;
				GCC_DYNAMIC_NO_PIC = NO;
				GCC_NO_COMMON_BLOCKS = YES;
				GCC_OPTIMIZATION_LEVEL = 0;
				GCC_PREPROCESSOR_DEFINITIONS = (
					"DEBUG=1",
					"$(inherited)",
				);
				GCC_SYMBOLS_PRIVATE_EXTERN = NO;
				GCC_WARN_64_TO_32_BIT_CONVERSION = YES;
				GCC_WARN_ABOUT_RETURN_TYPE = YES_ERROR;
				GCC_WARN_UNDECLARED_SELECTOR = YES;
				GCC_WARN_UNINITIALIZED_AUTOS = YES_AGGRESSIVE;
				GCC_WARN_UNUSED_FUNCTION = YES;
				GCC_WARN_UNUSED_VARIABLE = YES;
				IPHONEOS_DEPLOYMENT_TARGET = 8.4;
				MTL_ENABLE_DEBUG_INFO = YES;
				ONLY_ACTIVE_ARCH = YES;
				SDKROOT = iphoneos;
			};
			name = Debug;
		};
		A980A1291B4FC834001A02C0 /* Release */ = {
			isa = XCBuildConfiguration;
			buildSettings = {
				ALWAYS_SEARCH_USER_PATHS = NO;
				CLANG_CXX_LANGUAGE_STANDARD = "gnu++0x";
				CLANG_CXX_LIBRARY = "libc++";
				CLANG_ENABLE_MODULES = YES;
				CLANG_ENABLE_OBJC_ARC = YES;
				CLANG_WARN_BOOL_CONVERSION = YES;
				CLANG_WARN_CONSTANT_CONVERSION = YES;
				CLANG_WARN_DIRECT_OBJC_ISA_USAGE = YES_ERROR;
				CLANG_WARN_EMPTY_BODY = YES;
				CLANG_WARN_ENUM_CONVERSION = YES;
				CLANG_WARN_INT_CONVERSION = YES;
				CLANG_WARN_OBJC_ROOT_CLASS = YES_ERROR;
				CLANG_WARN_UNREACHABLE_CODE = YES;
				CLANG_WARN__DUPLICATE_METHOD_MATCH = YES;
				"CODE_SIGN_IDENTITY[sdk=iphoneos*]" = "iPhone Developer";
				COPY_PHASE_STRIP = NO;
				DEBUG_INFORMATION_FORMAT = "dwarf-with-dsym";
				ENABLE_NS_ASSERTIONS = NO;
				ENABLE_STRICT_OBJC_MSGSEND = YES;
				GCC_C_LANGUAGE_STANDARD = gnu99;
				GCC_NO_COMMON_BLOCKS = YES;
				GCC_WARN_64_TO_32_BIT_CONVERSION = YES;
				GCC_WARN_ABOUT_RETURN_TYPE = YES_ERROR;
				GCC_WARN_UNDECLARED_SELECTOR = YES;
				GCC_WARN_UNINITIALIZED_AUTOS = YES_AGGRESSIVE;
				GCC_WARN_UNUSED_FUNCTION = YES;
				GCC_WARN_UNUSED_VARIABLE = YES;
				IPHONEOS_DEPLOYMENT_TARGET = 8.4;
				MTL_ENABLE_DEBUG_INFO = NO;
				SDKROOT = iphoneos;
				VALIDATE_PRODUCT = YES;
			};
			name = Release;
		};
		A980A12B1B4FC834001A02C0 /* Debug */ = {
			isa = XCBuildConfiguration;
			buildSettings = {
				ASSETCATALOG_COMPILER_APPICON_NAME = AppIcon;
				FRAMEWORK_SEARCH_PATHS = (
					"$(inherited)",
					"$(PROJECT_DIR)/FB",
					"$(PROJECT_DIR)",
				);
				INFOPLIST_FILE = FB/Info.plist;
				IPHONEOS_DEPLOYMENT_TARGET = 8.1;
				LD_RUNPATH_SEARCH_PATHS = "$(inherited) @executable_path/Frameworks";
				PRODUCT_NAME = "$(TARGET_NAME)";
			};
			name = Debug;
		};
		A980A12C1B4FC834001A02C0 /* Release */ = {
			isa = XCBuildConfiguration;
			buildSettings = {
				ASSETCATALOG_COMPILER_APPICON_NAME = AppIcon;
				FRAMEWORK_SEARCH_PATHS = (
					"$(inherited)",
					"$(PROJECT_DIR)/FB",
					"$(PROJECT_DIR)",
				);
				INFOPLIST_FILE = FB/Info.plist;
				IPHONEOS_DEPLOYMENT_TARGET = 8.1;
				LD_RUNPATH_SEARCH_PATHS = "$(inherited) @executable_path/Frameworks";
				PRODUCT_NAME = "$(TARGET_NAME)";
			};
			name = Release;
		};
		A980A12E1B4FC834001A02C0 /* Debug */ = {
			isa = XCBuildConfiguration;
			buildSettings = {
				BUNDLE_LOADER = "$(TEST_HOST)";
				FRAMEWORK_SEARCH_PATHS = (
					"$(SDKROOT)/Developer/Library/Frameworks",
					"$(inherited)",
				);
				GCC_PREPROCESSOR_DEFINITIONS = (
					"DEBUG=1",
					"$(inherited)",
				);
				INFOPLIST_FILE = FBTests/Info.plist;
				LD_RUNPATH_SEARCH_PATHS = "$(inherited) @executable_path/Frameworks @loader_path/Frameworks";
				PRODUCT_NAME = "$(TARGET_NAME)";
				TEST_HOST = "$(BUILT_PRODUCTS_DIR)/FB.app/FB";
			};
			name = Debug;
		};
		A980A12F1B4FC834001A02C0 /* Release */ = {
			isa = XCBuildConfiguration;
			buildSettings = {
				BUNDLE_LOADER = "$(TEST_HOST)";
				FRAMEWORK_SEARCH_PATHS = (
					"$(SDKROOT)/Developer/Library/Frameworks",
					"$(inherited)",
				);
				INFOPLIST_FILE = FBTests/Info.plist;
				LD_RUNPATH_SEARCH_PATHS = "$(inherited) @executable_path/Frameworks @loader_path/Frameworks";
				PRODUCT_NAME = "$(TARGET_NAME)";
				TEST_HOST = "$(BUILT_PRODUCTS_DIR)/FB.app/FB";
			};
			name = Release;
		};
/* End XCBuildConfiguration section */

/* Begin XCConfigurationList section */
		A980A1021B4FC834001A02C0 /* Build configuration list for PBXProject "FB" */ = {
			isa = XCConfigurationList;
			buildConfigurations = (
				A980A1281B4FC834001A02C0 /* Debug */,
				A980A1291B4FC834001A02C0 /* Release */,
			);
			defaultConfigurationIsVisible = 0;
			defaultConfigurationName = Release;
		};
		A980A12A1B4FC834001A02C0 /* Build configuration list for PBXNativeTarget "FB" */ = {
			isa = XCConfigurationList;
			buildConfigurations = (
				A980A12B1B4FC834001A02C0 /* Debug */,
				A980A12C1B4FC834001A02C0 /* Release */,
			);
			defaultConfigurationIsVisible = 0;
			defaultConfigurationName = Release;
		};
		A980A12D1B4FC834001A02C0 /* Build configuration list for PBXNativeTarget "FBTests" */ = {
			isa = XCConfigurationList;
			buildConfigurations = (
				A980A12E1B4FC834001A02C0 /* Debug */,
				A980A12F1B4FC834001A02C0 /* Release */,
			);
			defaultConfigurationIsVisible = 0;
			defaultConfigurationName = Release;
		};
/* End XCConfigurationList section */
	};
	rootObject = A980A0FF1B4FC834001A02C0 /* Project object */;
}
